github.com/cncf/xds/go v0.0.0-20231128003011-0fa0005c9caa h1:jQCWAUqqlij9Pgj2i/PB79y4KOPYVyFYdROxgaCwdTQ=
github.com/cncf/xds/go v0.0.0-20231128003011-0fa0005c9caa/go.mod h1:x/1Gn8zydmfq8dk6e9PdstVsDgu9RuyIIJqAaF//0IM=
github.com/envoyproxy/protoc-gen-validate v1.0.2 h1:QkIBuU5k+x7/QXPvPPnWXWlCdaBFApVqftFV6k087DA=
github.com/envoyproxy/protoc-gen-validate v1.0.2/go.mod h1:GpiZQP3dDbg4JouG/NNS7QWXpgx6x8QiMKdmN72jogE=
github.com/golang/protobuf v1.5.0/go.mod h1:FsONVRAS9T7sI+LIUmWTfcYkHO4aIWwzhcaSAoJOfIk=
github.com/golang/protobuf v1.5.3 h1:KhyjKVUg7Usr/dYsdSqoFveMYd5ko72D+zANwlG1mmg=
github.com/golang/protobuf v1.5.3/go.mod h1:XVQd3VNwM+JqD3oG2Ue2ip4fOMUkwXdXDdiuN0vRsmY=
github.com/google/go-cmp v0.5.5/go.mod h1:v8dTdLbMG2kIc/vJvl+f65V22dbkXbowE6jgT/gNBxE=
github.com/google/go-cmp v0.5.9 h1:O2Tfq5qg4qc4AmwVlvv0oLiVAGB7enBSJ2x2DqQFi38=
golang.org/x/xerrors v0.0.0-20191204190536-9bdfabe68543/go.mod h1:I/5z698sn9Ka8TeJc9MKroUUfqBBauWjQqLJ2OPfmY0=
google.golang.org/genproto/googleapis/api v0.0.0-20240102182953-50ed04b92917 h1:rcS6EyEaoCO52hQDupoSfrxI3R6C2Tq741is7X8OvnM=
google.golang.org/genproto/googleapis/api v0.0.0-20240102182953-50ed04b92917/go.mod h1:CmlNWB9lSezaYELKS5Ym1r44VrrbPUa7JTvw+6MbpJ0=
google.golang.org/genproto/googleapis/rpc v0.0.0-20240102182953-50ed04b92917 h1:6G8oQ016D88m1xAKljMlBOOGWDZkes4kMhgGFlf8WcQ=
google.golang.org/genproto/googleapis/rpc v0.0.0-20240102182953-50ed04b92917/go.mod h1:xtjpI3tXFPP051KaWnhvxkiubL/6dJ18vLVf7q2pTOU=
google.golang.org/protobuf v1.26.0-rc.1/go.mod h1:jlhhOSvTdKEhbULTjvd4ARK9grFBp09yW+WbY/TyQbw=
google.golang.org/protobuf v1.26.0/go.mod h1:9q0QmTI4eRPtz6boOQmLYwt+qCgq0jsYwAQnmE0givc=
google.golang.org/protobuf v1.34.0 h1:Qo/qEd2RZPCf2nKuorzksSknv0d3ERwp1vFG38gSmH4=
google.golang.org/protobuf v1.34.0/go.mod h1:c6P6GXX6sHbq/GpV6MGZEdwhWPcYBgnhAHhKbcUYpos=
