github.com/google/go-cmp v0.5.9 h1:O2Tfq5qg4qc4AmwVlvv0oLiVAGB7enBSJ2x2DqQFi38=
github.com/google/go-cmp v0.5.9/go.mod h1:17dUlkBOakJ0+DkrSSNjCkIjxS6bF9zb3elmeNGIjoY=
google.golang.org/protobuf v1.36.3 h1:82DV7MYdb8anAVi3qge1wSnMDrnKK7ebr+I0hHRN1BU=
google.golang.org/protobuf v1.36.3/go.mod h1:9fA7Ob0pmnwhb644+1+CVWFRbNajQ6iRojtC/QF5bRE=
