# Generated by buf. DO NOT EDIT.
version: v1
deps:
  - remote: buf.build
    owner: beta
    repository: googleapis
    branch: main
    commit: 1c473ad9220a49bca9320f4cc690eba5
    digest: b1-unlhrcI3tnJd0JEGuOb692LZ_tY_gCGq6mK1bgCn1Pg=
    create_time: 2021-06-23T20:16:47.788079Z
  - remote: buf.build
    owner: beta
    repository: opencensus
    branch: main
    commit: 5f5f8259293649d68707d2e5b6285748
    digest: b1-myYwcdM0Xu05qIwhiy4eWEcARYUuZZ1vTbYvrrHu1mU=
    create_time: 2021-03-03T20:50:42.079743Z
  - remote: buf.build
    owner: beta
    repository: opentelemetry
    branch: main
    commit: ee82722300c04a618e1c9a2373ce2958
    digest: b1-MwMH-u3ygagogGt6GnJMsqSyxDL-6RKCThaBQRdT_28=
    create_time: 2021-06-23T20:17:01.385563Z
  - remote: buf.build
    owner: beta
    repository: prometheus
    branch: main
    commit: a91b42d18a994cd4b07b37f365f87cf9
    digest: b1-uKmv58fyoNwJI855qg7UEagfdyUl6XNPsFAdDoi57f4=
    create_time: 2021-06-23T20:16:58.410272Z
  - remote: buf.build
    owner: beta
    repository: protoc-gen-validate
    branch: main
    commit: 3aa3a142febe4d198171026cddadb18b
    digest: b1-MkZlf7zGl1xvJCsBhk-Kh46tvCHpRNpGNUOtryA9-ng=
    create_time: 2021-03-30T19:57:01.168017Z
  - remote: buf.build
    owner: beta
    repository: udpa
    branch: main
    commit: 64457162aab743c5a695a8cccbd93d8d
    digest: b1-15-sblwZI7jDyUli6FyJsBTy8dRe6mHTA2B2VTcIm4g=
    create_time: 2021-03-30T19:57:09.877302Z
