# Generated by buf. DO NOT EDIT.
version: v2
deps:
  - name: buf.build/bufbuild/protovalidate
    commit: 80ab13bee0bf4272b6161a72bf7034e0
    digest: b5:1aa6a965be5d02d64e1d81954fa2e78ef9d1e33a0c30f92bc2626039006a94deb3a5b05f14ed8893f5c3ffce444ac008f7e968188ad225c4c29c813aa5f2daa1
  - name: buf.build/cncf/xds
    commit: 2456e1dfc0664e7596d7f3b20f4b62d0
    digest: b5:412ce915a722e7e653426107531cfbfea5a263afd438b2778c03f1dc8f75628e5baf791e513324e5ccff0197be2f91aa174629b8353966d38c295bd86bc2cebb
  - name: buf.build/envoyproxy/protoc-gen-validate
    commit: daf171c6cdb54629b5f51e345a79e4dd
    digest: b5:c745e1521879f43740230b1df673d0729f55704efefdcfc489d4a0a2d40c92a26cacfeab62813403040a8b180142d53b398c7ca784a065e43823605ee49681de
  - name: buf.build/gogo/protobuf
    commit: e1dbca2775a74a89955a99990de45a53
    digest: b5:9be593f336e8b0d35761a2fb5ebc4460aaee3f2d21e9d75b7fddbecb1dd53ea58a0bb447c20c33387f4e07fa7e1e439f7125663a624517cfde97c8bec68e4ecf
  - name: buf.build/google/cel-spec
    commit: 96eff7bcf453468dbd44b80598bfe1bf
    digest: b5:660c244ec1e8a0f26c5431e1901f1d52d322c7ee3fd240cb6832f44d0694384a36ded008af457a9e5268c73adfa00170e972ac4fe44752a693424b3479f30b82
  - name: buf.build/googleapis/googleapis
    commit: 62f35d8aed1149c291d606d958a7ce32
    digest: b5:d66bf04adc77a0870bdc9328aaf887c7188a36fb02b83a480dc45ef9dc031b4d39fc6e9dc6435120ccf4fe5bfd5c6cb6592533c6c316595571f9a31420ab47fe
  - name: buf.build/opentelemetry/opentelemetry
    commit: 648a3e2f02e14fe187656ea4ac3befa1
    digest: b5:a0514be587ab2e8598f7102dfdaba5e985138b8c041c707e470a9c8b877410ada6e60cf2359352302f08c0504de685379f7f7a085d4699d69a2e6ed7035e78d9
  - name: buf.build/prometheus/client-model
    commit: e171c0b235c546d5a9a597c2961bd357
    digest: b5:c26899a8592079d1f0cc168dee57c70df022d07c450ad0560fac8a1c6b5b9f73cbc6c44a21a67afbeb32e1e2127cf02c4e7f34368c8685a33b56bd936ea4273e
