# Generated by buf. DO NOT EDIT.
version: v1
deps:
  - remote: buf.build
    owner: cncf
    repository: xds
    commit: c313df85559e44248d0115969f2c8c24
  - remote: buf.build
    owner: envoyproxy
    repository: protoc-gen-validate
    commit: 6607b10f00ed4a3d98f906807131c44a
  - remote: buf.build
    owner: gogo
    repository: protobuf
    commit: 5461a3dfa9d941da82028ab185dc2a0e
  - remote: buf.build
    owner: googleapis
    repository: googleapis
    commit: 62f35d8aed1149c291d606d958a7ce32
  - remote: buf.build
    owner: opentelemetry
    repository: opentelemetry
    commit: 43554dfbbfbd4873bde8993d32ea8332
  - remote: buf.build
    owner: prometheus
    repository: client-model
    commit: 1d56a02d481a412a83b3c4984eb90c2e
