# Generated by buf. DO NOT EDIT.
version: v2
deps:
  - name: buf.build/cncf/xds
    commit: c313df85559e44248d0115969f2c8c24
    digest: b5:89db966d59cc9686658a12f40ba0bb38017d0bccf3e651d025ff6747d18f1a647814e0bd6dd534218d08fe949be33371ef506a1ac8a32c4978b6f9a288231bde
  - name: buf.build/envoyproxy/protoc-gen-validate
    commit: 6607b10f00ed4a3d98f906807131c44a
    digest: b5:ade405ac4328bd0a2cf83c93bcb4bc389d4897afd86a0096df4537b180916882da4e4f0c2d45f0b1554d7a6c87f6c5bc94b71b3555ca71cc31a9a8baed26a9f9
  - name: buf.build/gogo/protobuf
    commit: 5461a3dfa9d941da82028ab185dc2a0e
    digest: b5:8e9cf66be25ae4fac7fe0867742f41d008491cf1e0f49c488b42ce2fadb663970d4179472f8835dd58a61448464ba0ad9c2d19f464553f86ed137d9f59ec5dff
  - name: buf.build/googleapis/googleapis
    commit: 62f35d8aed1149c291d606d958a7ce32
    digest: b5:d66bf04adc77a0870bdc9328aaf887c7188a36fb02b83a480dc45ef9dc031b4d39fc6e9dc6435120ccf4fe5bfd5c6cb6592533c6c316595571f9a31420ab47fe
  - name: buf.build/opentelemetry/opentelemetry
    commit: 43554dfbbfbd4873bde8993d32ea8332
    digest: b5:027a738207c1e66e1b628e49923dade94b8832049537f0a05375b086122ccc5db4351f86e4297ac0fe441b4351c901ada85e03e7f34a09a401e46e00f8c8062b
  - name: buf.build/prometheus/client-model
    commit: 1d56a02d481a412a83b3c4984eb90c2e
    digest: b5:030705921923d3a04902cb71f946d39db4ca6bb03d1da7fcb381b1f907b693572519f73fa9f9a0994d61cedb8935989675aca0c222e05e7c8790c808b2a14e47
